{
  "nodes": {
    "SubModules": {
      "inputs": {
        "homeManager": "homeManager",
        "nixpkgs": "nixpkgs_4"
      },
      "locked": {
        "lastModified": 1,
        "narHash": "sha256-BVs/roqg2piObtHCIBrTUU2Fid7mGaC9WEx7bJrKNgA=",
        "path": "./guest_submodules",
        "type": "path"
      },
      "original": {
        "path": "./guest_submodules",
        "type": "path"
      }
    },
    "SubModules_2": {
      "inputs": {
        "browsers": "browsers",
        "dev": "dev",
        "editors": "editors",
        "misc": "misc",
        "nixpkgs": "nixpkgs_19",
        "system": "system"
      },
      "locked": {
        "lastModified": 1,
        "narHash": "sha256-IX5XZt3B9zvKql8O946+sKj9IwEoBSiDTmi2RMcr5uE=",
        "path": "./qwerty_submodules",
        "type": "path"
      },
      "original": {
        "path": "./qwerty_submodules",
        "type": "path"
      }
    },
    "age": {
      "inputs": {
        "nixpkgs": "nixpkgs_24"
      },
      "locked": {
        "lastModified": 1,
        "narHash": "sha256-BibtIxWr3u5CpUpvfgFJpfRMMgJX7vXzvKb9FLxcyGM=",
        "path": "./age",
        "type": "path"
      },
      "original": {
        "path": "./age",
        "type": "path"
      }
    },
    "audio": {
      "inputs": {
        "nixpkgs": "nixpkgs_20",
        "pavucontrol": "pavucontrol"
      },
      "locked": {
        "lastModified": 1,
        "narHash": "sha256-oMBJ9aFl1pUO06AXbHDzU18uDDygtbai+G3Tn0x40Os=",
        "path": "./audio",
        "type": "path"
      },
      "original": {
        "path": "./audio",
        "type": "path"
      }
    },
    "browsers": {
      "inputs": {
        "firefox": "firefox",
        "homeManager": "homeManager_3",
        "nixpkgs": "nixpkgs_11"
      },
      "locked": {
        "lastModified": 1,
        "narHash": "sha256-c4rjGeKbGz0Ebfw3EesWw3KTGGWID6ksNvEp89+9O2c=",
        "path": "./browsers",
        "type": "path"
      },
      "original": {
        "path": "./browsers",
        "type": "path"
      }
    },
    "consoles": {
      "inputs": {
        "kitty": "kitty",
        "nixpkgs": "nixpkgs_23"
      },
      "locked": {
        "lastModified": 1,
        "narHash": "sha256-/FRpSrVyVt46Am3j6NnYoTNqc4pE/wphJg4YcNlET0k=",
        "path": "./consoles",
        "type": "path"
      },
      "original": {
        "path": "./consoles",
        "type": "path"
      }
    },
    "crypt": {
      "inputs": {
        "age": "age",
        "gpg": "gpg",
        "nixpkgs": "nixpkgs_26",
        "sops": "sops",
        "ssh": "ssh"
      },
      "locked": {
        "lastModified": 1,
        "narHash": "sha256-u038jnqkPyl4WcrDvO2ZxIma2ly3exOOA9qH7Majr3c=",
        "path": "./crypt",
        "type": "path"
      },
      "original": {
        "path": "./crypt",
        "type": "path"
      }
    },
    "dev": {
      "inputs": {
        "git": "git",
        "homeManager": "homeManager_4",
        "nixpkgs": "nixpkgs_14"
      },
      "locked": {
        "lastModified": 1,
        "narHash": "sha256-hkX8NVWXWd3a22Wtqhy9eY1o/PBRlN+FyG0BlqmC/Gw=",
        "path": "./dev",
        "type": "path"
      },
      "original": {
        "path": "./dev",
        "type": "path"
      }
    },
    "editors": {
      "inputs": {
        "nixpkgs": "nixpkgs_15",
        "vim": "vim"
      },
      "locked": {
        "lastModified": 1,
        "narHash": "sha256-nxOLKaYOOsv/3vEiGN9Rsr71AzTGaijvJ8pV9N5hk/I=",
        "path": "./editors",
        "type": "path"
      },
      "original": {
        "path": "./editors",
        "type": "path"
      }
    },
    "firefox": {
      "inputs": {
        "homeManager": "homeManager_2",
        "nixpkgs": "nixpkgs_9"
      },
      "locked": {
        "lastModified": 1,
        "narHash": "sha256-D0gm0vMAsBT1aIgrSxBuhTW2KTWbo5VD/zkzKGbFZjA=",
        "path": "./firefox",
        "type": "path"
      },
      "original": {
        "path": "./firefox",
        "type": "path"
      }
    },
    "git": {
      "inputs": {
        "nixpkgs": "nixpkgs_12"
      },
      "locked": {
        "lastModified": 1,
        "narHash": "sha256-HLSp0t4LubPZRuVaO1X0Ey+b3PfB1pvUkVh8YRl9XRs=",
        "path": "./git",
        "type": "path"
      },
      "original": {
        "path": "./git",
        "type": "path"
      }
    },
    "gpg": {
      "inputs": {
        "nixpkgs": "nixpkgs_25"
      },
      "locked": {
        "lastModified": 1,
        "narHash": "sha256-DkSo8W/mNiW+NF35HYBdqoucIaQC5WHJWAdYr3mL3h4=",
        "path": "./gpg",
        "type": "path"
      },
      "original": {
        "path": "./gpg",
        "type": "path"
      }
    },
    "guest": {
      "inputs": {
        "SubModules": "SubModules",
        "home-manager": "home-manager",
        "nixpkgs": "nixpkgs_6"
      },
      "locked": {
        "lastModified": 1,
        "narHash": "sha256-H6vehS02iB3trkpXfIX1RLGd8Kyi3uvdNglDut5hOBk=",
        "path": "./guest",
        "type": "path"
      },
      "original": {
        "path": "./guest",
        "type": "path"
      }
    },
    "home-manager": {
      "inputs": {
        "nixpkgs": "nixpkgs_5"
      },
      "locked": {
        "lastModified": 1747688870,
        "narHash": "sha256-ypL9WAZfmJr5V70jEVzqGjjQzF0uCkz+AFQF7n9NmNc=",
        "owner": "nix-community",
        "repo": "home-manager",
        "rev": "d5f1f641b289553927b3801580598d200a501863",
        "type": "github"
      },
      "original": {
        "owner": "nix-community",
        "ref": "release-24.11",
        "repo": "home-manager",
        "type": "github"
      }
    },
    "home-manager_2": {
      "inputs": {
        "nixpkgs": "nixpkgs_34"
      },
      "locked": {
        "lastModified": 1747688870,
        "narHash": "sha256-ypL9WAZfmJr5V70jEVzqGjjQzF0uCkz+AFQF7n9NmNc=",
        "owner": "nix-community",
        "repo": "home-manager",
        "rev": "d5f1f641b289553927b3801580598d200a501863",
        "type": "github"
      },
      "original": {
        "owner": "nix-community",
        "ref": "release-24.11",
        "repo": "home-manager",
        "type": "github"
      }
    },
    "homeManager": {
      "inputs": {
        "nixpkgs": "nixpkgs_3"
      },
      "locked": {
        "lastModified": 1747688870,
        "narHash": "sha256-ypL9WAZfmJr5V70jEVzqGjjQzF0uCkz+AFQF7n9NmNc=",
        "owner": "nix-community",
        "repo": "home-manager",
        "rev": "d5f1f641b289553927b3801580598d200a501863",
        "type": "github"
      },
      "original": {
        "owner": "nix-community",
        "ref": "release-24.11",
        "repo": "home-manager",
        "type": "github"
      }
    },
    "homeManager_2": {
      "inputs": {
        "nixpkgs": "nixpkgs_8"
      },
      "locked": {
        "lastModified": 1747688870,
        "narHash": "sha256-ypL9WAZfmJr5V70jEVzqGjjQzF0uCkz+AFQF7n9NmNc=",
        "owner": "nix-community",
        "repo": "home-manager",
        "rev": "d5f1f641b289553927b3801580598d200a501863",
        "type": "github"
      },
      "original": {
        "owner": "nix-community",
        "ref": "release-24.11",
        "repo": "home-manager",
        "type": "github"
      }
    },
    "homeManager_3": {
      "inputs": {
        "nixpkgs": "nixpkgs_10"
      },
      "locked": {
        "lastModified": 1747688870,
        "narHash": "sha256-ypL9WAZfmJr5V70jEVzqGjjQzF0uCkz+AFQF7n9NmNc=",
        "owner": "nix-community",
        "repo": "home-manager",
        "rev": "d5f1f641b289553927b3801580598d200a501863",
        "type": "github"
      },
      "original": {
        "owner": "nix-community",
        "ref": "release-24.11",
        "repo": "home-manager",
        "type": "github"
      }
    },
    "homeManager_4": {
      "inputs": {
        "nixpkgs": "nixpkgs_13"
      },
      "locked": {
        "lastModified": 1747688870,
        "narHash": "sha256-ypL9WAZfmJr5V70jEVzqGjjQzF0uCkz+AFQF7n9NmNc=",
        "owner": "nix-community",
        "repo": "home-manager",
        "rev": "d5f1f641b289553927b3801580598d200a501863",
        "type": "github"
      },
      "original": {
        "owner": "nix-community",
        "ref": "release-24.11",
        "repo": "home-manager",
        "type": "github"
      }
    },
    "i3": {
      "inputs": {
        "nixpkgs": "nixpkgs_32"
      },
      "locked": {
        "lastModified": 1,
        "narHash": "sha256-R+7zZKb6CeH1ngWJyVt3O5ieUS/ETsEHs1ZvTwyy+ac=",
        "path": "./i3",
        "type": "path"
      },
      "original": {
        "path": "./i3",
        "type": "path"
      }
    },
    "kitty": {
      "inputs": {
        "nixpkgs": "nixpkgs_22"
      },
      "locked": {
        "lastModified": 1,
        "narHash": "sha256-tERedo45utPzyDNX4E9mkxf0UA0kR0JAex+ultvDbx4=",
        "path": "./kitty",
        "type": "path"
      },
      "original": {
        "path": "./kitty",
        "type": "path"
      }
    },
    "laptop": {
      "inputs": {
        "nixpkgs": "nixpkgs_2",
        "users": "users"
      },
      "locked": {
        "lastModified": 1,
        "narHash": "sha256-WFiYvHhXwZKXS8GeCyuwrNd6cM9z2vzQEUpmc1+YZAY=",
        "path": "./laptop",
        "type": "path"
      },
      "original": {
        "path": "./laptop",
        "type": "path"
      }
    },
    "misc": {
      "inputs": {
        "neofetch": "neofetch",
        "nixpkgs": "nixpkgs_18"
      },
      "locked": {
        "lastModified": 1,
        "narHash": "sha256-rYhNf/qs1yp+HBE76nRyzf06jOERyXU8cgSFxgAg2Nc=",
        "path": "./misc",
        "type": "path"
      },
      "original": {
        "path": "./misc",
        "type": "path"
      }
    },
    "neofetch": {
      "inputs": {
        "nixpkgs": "nixpkgs_17"
      },
      "locked": {
        "lastModified": 1,
        "narHash": "sha256-U7MMlqfVUl3rc9XQdkkU3O7VHz3kDZThxUQix0URKxQ=",
        "path": "./neofetch",
        "type": "path"
      },
      "original": {
        "path": "./neofetch",
        "type": "path"
      }
    },
    "nixpkgs": {
      "locked": {
        "lastModified": 1751274312,
        "narHash": "sha256-/bVBlRpECLVzjV19t5KMdMFWSwKLtb5RyXdjz3LJT+g=",
        "owner": "NixOS",
        "repo": "nixpkgs",
        "rev": "50ab793786d9de88ee30ec4e4c24fb4236fc2674",
        "type": "github"
      },
      "original": {
        "owner": "NixOS",
        "ref": "nixos-24.11",
        "repo": "nixpkgs",
        "type": "github"
      }
    },
    "nixpkgs_10": {
      "locked": {
        "lastModified": 1746055187,
        "narHash": "sha256-3dqArYSMP9hM7Qpy5YWhnSjiqniSaT2uc5h2Po7tmg0=",
        "owner": "NixOS",
        "repo": "nixpkgs",
        "rev": "3e362ce63e16b9572d8c2297c04f7c19ab6725a5",
        "type": "github"
      },
      "original": {
        "owner": "NixOS",
        "ref": "nixos-24.11",
        "repo": "nixpkgs",
        "type": "github"
      }
    },
    "nixpkgs_11": {
      "locked": {
        "lastModified": 1751274312,
        "narHash": "sha256-/bVBlRpECLVzjV19t5KMdMFWSwKLtb5RyXdjz3LJT+g=",
        "owner": "NixOS",
        "repo": "nixpkgs",
        "rev": "50ab793786d9de88ee30ec4e4c24fb4236fc2674",
        "type": "github"
      },
      "original": {
        "owner": "NixOS",
        "ref": "nixos-24.11",
        "repo": "nixpkgs",
        "type": "github"
      }
    },
    "nixpkgs_12": {
      "locked": {
        "lastModified": 1751274312,
        "narHash": "sha256-/bVBlRpECLVzjV19t5KMdMFWSwKLtb5RyXdjz3LJT+g=",
        "owner": "NixOS",
        "repo": "nixpkgs",
        "rev": "50ab793786d9de88ee30ec4e4c24fb4236fc2674",
        "type": "github"
      },
      "original": {
        "owner": "NixOS",
        "ref": "nixos-24.11",
        "repo": "nixpkgs",
        "type": "github"
      }
    },
    "nixpkgs_13": {
      "locked": {
        "lastModified": 1746055187,
        "narHash": "sha256-3dqArYSMP9hM7Qpy5YWhnSjiqniSaT2uc5h2Po7tmg0=",
        "owner": "NixOS",
        "repo": "nixpkgs",
        "rev": "3e362ce63e16b9572d8c2297c04f7c19ab6725a5",
        "type": "github"
      },
      "original": {
        "owner": "NixOS",
        "ref": "nixos-24.11",
        "repo": "nixpkgs",
        "type": "github"
      }
    },
    "nixpkgs_14": {
      "locked": {
        "lastModified": 1751274312,
        "narHash": "sha256-/bVBlRpECLVzjV19t5KMdMFWSwKLtb5RyXdjz3LJT+g=",
        "owner": "NixOS",
        "repo": "nixpkgs",
        "rev": "50ab793786d9de88ee30ec4e4c24fb4236fc2674",
        "type": "github"
      },
      "original": {
        "owner": "NixOS",
        "ref": "nixos-24.11",
        "repo": "nixpkgs",
        "type": "github"
      }
    },
    "nixpkgs_15": {
      "locked": {
        "lastModified": 1751274312,
        "narHash": "sha256-/bVBlRpECLVzjV19t5KMdMFWSwKLtb5RyXdjz3LJT+g=",
        "owner": "NixOS",
        "repo": "nixpkgs",
        "rev": "50ab793786d9de88ee30ec4e4c24fb4236fc2674",
        "type": "github"
      },
      "original": {
        "owner": "NixOS",
        "ref": "nixos-24.11",
        "repo": "nixpkgs",
        "type": "github"
      }
    },
    "nixpkgs_16": {
      "locked": {
        "lastModified": 1751274312,
        "narHash": "sha256-/bVBlRpECLVzjV19t5KMdMFWSwKLtb5RyXdjz3LJT+g=",
        "owner": "NixOS",
        "repo": "nixpkgs",
        "rev": "50ab793786d9de88ee30ec4e4c24fb4236fc2674",
        "type": "github"
      },
      "original": {
        "owner": "NixOS",
        "ref": "nixos-24.11",
        "repo": "nixpkgs",
        "type": "github"
      }
    },
    "nixpkgs_17": {
      "locked": {
        "lastModified": 1751274312,
        "narHash": "sha256-/bVBlRpECLVzjV19t5KMdMFWSwKLtb5RyXdjz3LJT+g=",
        "owner": "NixOS",
        "repo": "nixpkgs",
        "rev": "50ab793786d9de88ee30ec4e4c24fb4236fc2674",
        "type": "github"
      },
      "original": {
        "owner": "NixOS",
        "ref": "nixos-24.11",
        "repo": "nixpkgs",
        "type": "github"
      }
    },
    "nixpkgs_18": {
      "locked": {
        "lastModified": 1751274312,
        "narHash": "sha256-/bVBlRpECLVzjV19t5KMdMFWSwKLtb5RyXdjz3LJT+g=",
        "owner": "NixOS",
        "repo": "nixpkgs",
        "rev": "50ab793786d9de88ee30ec4e4c24fb4236fc2674",
        "type": "github"
      },
      "original": {
        "owner": "NixOS",
        "ref": "nixos-24.11",
        "repo": "nixpkgs",
        "type": "github"
      }
    },
    "nixpkgs_19": {
      "locked": {
        "lastModified": 1751274312,
        "narHash": "sha256-/bVBlRpECLVzjV19t5KMdMFWSwKLtb5RyXdjz3LJT+g=",
        "owner": "NixOS",
        "repo": "nixpkgs",
        "rev": "50ab793786d9de88ee30ec4e4c24fb4236fc2674",
        "type": "github"
      },
      "original": {
        "owner": "NixOS",
        "ref": "nixos-24.11",
        "repo": "nixpkgs",
        "type": "github"
      }
    },
    "nixpkgs_2": {
      "locked": {
        "lastModified": 1751274312,
        "narHash": "sha256-/bVBlRpECLVzjV19t5KMdMFWSwKLtb5RyXdjz3LJT+g=",
        "owner": "NixOS",
        "repo": "nixpkgs",
        "rev": "50ab793786d9de88ee30ec4e4c24fb4236fc2674",
        "type": "github"
      },
      "original": {
        "owner": "NixOS",
        "ref": "nixos-24.11",
        "repo": "nixpkgs",
        "type": "github"
      }
    },
    "nixpkgs_20": {
      "locked": {
        "lastModified": 1751274312,
        "narHash": "sha256-/bVBlRpECLVzjV19t5KMdMFWSwKLtb5RyXdjz3LJT+g=",
        "owner": "NixOS",
        "repo": "nixpkgs",
        "rev": "50ab793786d9de88ee30ec4e4c24fb4236fc2674",
        "type": "github"
      },
      "original": {
        "owner": "NixOS",
        "ref": "nixos-24.11",
        "repo": "nixpkgs",
        "type": "github"
      }
    },
    "nixpkgs_21": {
      "locked": {
        "lastModified": 1751274312,
        "narHash": "sha256-/bVBlRpECLVzjV19t5KMdMFWSwKLtb5RyXdjz3LJT+g=",
        "owner": "NixOS",
        "repo": "nixpkgs",
        "rev": "50ab793786d9de88ee30ec4e4c24fb4236fc2674",
        "type": "github"
      },
      "original": {
        "owner": "NixOS",
        "ref": "nixos-24.11",
        "repo": "nixpkgs",
        "type": "github"
      }
    },
    "nixpkgs_22": {
      "locked": {
        "lastModified": 1751274312,
        "narHash": "sha256-/bVBlRpECLVzjV19t5KMdMFWSwKLtb5RyXdjz3LJT+g=",
        "owner": "NixOS",
        "repo": "nixpkgs",
        "rev": "50ab793786d9de88ee30ec4e4c24fb4236fc2674",
        "type": "github"
      },
      "original": {
        "owner": "NixOS",
        "ref": "nixos-24.11",
        "repo": "nixpkgs",
        "type": "github"
      }
    },
    "nixpkgs_23": {
      "locked": {
        "lastModified": 1751274312,
        "narHash": "sha256-/bVBlRpECLVzjV19t5KMdMFWSwKLtb5RyXdjz3LJT+g=",
        "owner": "NixOS",
        "repo": "nixpkgs",
        "rev": "50ab793786d9de88ee30ec4e4c24fb4236fc2674",
        "type": "github"
      },
      "original": {
        "owner": "NixOS",
        "ref": "nixos-24.11",
        "repo": "nixpkgs",
        "type": "github"
      }
    },
    "nixpkgs_24": {
      "locked": {
        "lastModified": 1751274312,
        "narHash": "sha256-/bVBlRpECLVzjV19t5KMdMFWSwKLtb5RyXdjz3LJT+g=",
        "owner": "NixOS",
        "repo": "nixpkgs",
        "rev": "50ab793786d9de88ee30ec4e4c24fb4236fc2674",
        "type": "github"
      },
      "original": {
        "owner": "NixOS",
        "ref": "nixos-24.11",
        "repo": "nixpkgs",
        "type": "github"
      }
    },
    "nixpkgs_25": {
      "locked": {
        "lastModified": 1751274312,
        "narHash": "sha256-/bVBlRpECLVzjV19t5KMdMFWSwKLtb5RyXdjz3LJT+g=",
        "owner": "NixOS",
        "repo": "nixpkgs",
        "rev": "50ab793786d9de88ee30ec4e4c24fb4236fc2674",
        "type": "github"
      },
      "original": {
        "owner": "NixOS",
        "ref": "nixos-24.11",
        "repo": "nixpkgs",
        "type": "github"
      }
    },
    "nixpkgs_26": {
      "locked": {
        "lastModified": 1751274312,
        "narHash": "sha256-/bVBlRpECLVzjV19t5KMdMFWSwKLtb5RyXdjz3LJT+g=",
        "owner": "NixOS",
        "repo": "nixpkgs",
        "rev": "50ab793786d9de88ee30ec4e4c24fb4236fc2674",
        "type": "github"
      },
      "original": {
        "owner": "NixOS",
        "ref": "nixos-24.11",
        "repo": "nixpkgs",
        "type": "github"
      }
    },
    "nixpkgs_27": {
      "locked": {
        "lastModified": 1751274312,
        "narHash": "sha256-/bVBlRpECLVzjV19t5KMdMFWSwKLtb5RyXdjz3LJT+g=",
        "owner": "NixOS",
        "repo": "nixpkgs",
        "rev": "50ab793786d9de88ee30ec4e4c24fb4236fc2674",
        "type": "github"
      },
      "original": {
        "owner": "NixOS",
        "ref": "nixos-24.11",
        "repo": "nixpkgs",
        "type": "github"
      }
    },
    "nixpkgs_28": {
      "locked": {
        "lastModified": 1751274312,
        "narHash": "sha256-/bVBlRpECLVzjV19t5KMdMFWSwKLtb5RyXdjz3LJT+g=",
        "owner": "NixOS",
        "repo": "nixpkgs",
        "rev": "50ab793786d9de88ee30ec4e4c24fb4236fc2674",
        "type": "github"
      },
      "original": {
        "owner": "NixOS",
        "ref": "nixos-24.11",
        "repo": "nixpkgs",
        "type": "github"
      }
    },
    "nixpkgs_29": {
      "locked": {
        "lastModified": 1751274312,
        "narHash": "sha256-/bVBlRpECLVzjV19t5KMdMFWSwKLtb5RyXdjz3LJT+g=",
        "owner": "NixOS",
        "repo": "nixpkgs",
        "rev": "50ab793786d9de88ee30ec4e4c24fb4236fc2674",
        "type": "github"
      },
      "original": {
        "owner": "NixOS",
        "ref": "nixos-24.11",
        "repo": "nixpkgs",
        "type": "github"
      }
    },
    "nixpkgs_3": {
      "locked": {
        "lastModified": 1746055187,
        "narHash": "sha256-3dqArYSMP9hM7Qpy5YWhnSjiqniSaT2uc5h2Po7tmg0=",
        "owner": "NixOS",
        "repo": "nixpkgs",
        "rev": "3e362ce63e16b9572d8c2297c04f7c19ab6725a5",
        "type": "github"
      },
      "original": {
        "owner": "NixOS",
        "ref": "nixos-24.11",
        "repo": "nixpkgs",
        "type": "github"
      }
    },
    "nixpkgs_30": {
      "locked": {
        "lastModified": 1751274312,
        "narHash": "sha256-/bVBlRpECLVzjV19t5KMdMFWSwKLtb5RyXdjz3LJT+g=",
        "owner": "NixOS",
        "repo": "nixpkgs",
        "rev": "50ab793786d9de88ee30ec4e4c24fb4236fc2674",
        "type": "github"
      },
      "original": {
        "owner": "NixOS",
        "ref": "nixos-24.11",
        "repo": "nixpkgs",
        "type": "github"
      }
    },
    "nixpkgs_31": {
      "locked": {
        "lastModified": 1751274312,
        "narHash": "sha256-/bVBlRpECLVzjV19t5KMdMFWSwKLtb5RyXdjz3LJT+g=",
        "owner": "NixOS",
        "repo": "nixpkgs",
        "rev": "50ab793786d9de88ee30ec4e4c24fb4236fc2674",
        "type": "github"
      },
      "original": {
        "owner": "NixOS",
        "ref": "nixos-24.11",
        "repo": "nixpkgs",
        "type": "github"
      }
    },
    "nixpkgs_32": {
      "locked": {
        "lastModified": 1751274312,
        "narHash": "sha256-/bVBlRpECLVzjV19t5KMdMFWSwKLtb5RyXdjz3LJT+g=",
        "owner": "NixOS",
        "repo": "nixpkgs",
        "rev": "50ab793786d9de88ee30ec4e4c24fb4236fc2674",
        "type": "github"
      },
      "original": {
        "owner": "NixOS",
        "ref": "nixos-24.11",
        "repo": "nixpkgs",
        "type": "github"
      }
    },
    "nixpkgs_33": {
      "locked": {
        "lastModified": 1751274312,
        "narHash": "sha256-/bVBlRpECLVzjV19t5KMdMFWSwKLtb5RyXdjz3LJT+g=",
        "owner": "NixOS",
        "repo": "nixpkgs",
        "rev": "50ab793786d9de88ee30ec4e4c24fb4236fc2674",
        "type": "github"
      },
      "original": {
        "owner": "NixOS",
        "ref": "nixos-24.11",
        "repo": "nixpkgs",
        "type": "github"
      }
    },
    "nixpkgs_34": {
      "locked": {
        "lastModified": 1746055187,
        "narHash": "sha256-3dqArYSMP9hM7Qpy5YWhnSjiqniSaT2uc5h2Po7tmg0=",
        "owner": "NixOS",
        "repo": "nixpkgs",
        "rev": "3e362ce63e16b9572d8c2297c04f7c19ab6725a5",
        "type": "github"
      },
      "original": {
        "owner": "NixOS",
        "ref": "nixos-24.11",
        "repo": "nixpkgs",
        "type": "github"
      }
    },
    "nixpkgs_35": {
      "locked": {
        "lastModified": 1751274312,
        "narHash": "sha256-/bVBlRpECLVzjV19t5KMdMFWSwKLtb5RyXdjz3LJT+g=",
        "owner": "NixOS",
        "repo": "nixpkgs",
        "rev": "50ab793786d9de88ee30ec4e4c24fb4236fc2674",
        "type": "github"
      },
      "original": {
        "owner": "NixOS",
        "ref": "nixos-24.11",
        "repo": "nixpkgs",
        "type": "github"
      }
    },
    "nixpkgs_36": {
      "locked": {
        "lastModified": 1751274312,
        "narHash": "sha256-/bVBlRpECLVzjV19t5KMdMFWSwKLtb5RyXdjz3LJT+g=",
        "owner": "NixOS",
        "repo": "nixpkgs",
        "rev": "50ab793786d9de88ee30ec4e4c24fb4236fc2674",
        "type": "github"
      },
      "original": {
        "owner": "NixOS",
        "ref": "nixos-24.11",
        "repo": "nixpkgs",
        "type": "github"
      }
    },
    "nixpkgs_4": {
      "locked": {
        "lastModified": 1751274312,
        "narHash": "sha256-/bVBlRpECLVzjV19t5KMdMFWSwKLtb5RyXdjz3LJT+g=",
        "owner": "NixOS",
        "repo": "nixpkgs",
        "rev": "50ab793786d9de88ee30ec4e4c24fb4236fc2674",
        "type": "github"
      },
      "original": {
        "owner": "NixOS",
        "ref": "nixos-24.11",
        "repo": "nixpkgs",
        "type": "github"
      }
    },
    "nixpkgs_5": {
      "locked": {
        "lastModified": 1746055187,
        "narHash": "sha256-3dqArYSMP9hM7Qpy5YWhnSjiqniSaT2uc5h2Po7tmg0=",
        "owner": "NixOS",
        "repo": "nixpkgs",
        "rev": "3e362ce63e16b9572d8c2297c04f7c19ab6725a5",
        "type": "github"
      },
      "original": {
        "owner": "NixOS",
        "ref": "nixos-24.11",
        "repo": "nixpkgs",
        "type": "github"
      }
    },
    "nixpkgs_6": {
      "locked": {
        "lastModified": 1751274312,
        "narHash": "sha256-/bVBlRpECLVzjV19t5KMdMFWSwKLtb5RyXdjz3LJT+g=",
        "owner": "NixOS",
        "repo": "nixpkgs",
        "rev": "50ab793786d9de88ee30ec4e4c24fb4236fc2674",
        "type": "github"
      },
      "original": {
        "owner": "NixOS",
        "ref": "nixos-24.11",
        "repo": "nixpkgs",
        "type": "github"
      }
    },
    "nixpkgs_7": {
      "locked": {
        "lastModified": 1751274312,
        "narHash": "sha256-/bVBlRpECLVzjV19t5KMdMFWSwKLtb5RyXdjz3LJT+g=",
        "owner": "NixOS",
        "repo": "nixpkgs",
        "rev": "50ab793786d9de88ee30ec4e4c24fb4236fc2674",
        "type": "github"
      },
      "original": {
        "owner": "NixOS",
        "ref": "nixos-24.11",
        "repo": "nixpkgs",
        "type": "github"
      }
    },
    "nixpkgs_8": {
      "locked": {
        "lastModified": 1746055187,
        "narHash": "sha256-3dqArYSMP9hM7Qpy5YWhnSjiqniSaT2uc5h2Po7tmg0=",
        "owner": "NixOS",
        "repo": "nixpkgs",
        "rev": "3e362ce63e16b9572d8c2297c04f7c19ab6725a5",
        "type": "github"
      },
      "original": {
        "owner": "NixOS",
        "ref": "nixos-24.11",
        "repo": "nixpkgs",
        "type": "github"
      }
    },
    "nixpkgs_9": {
      "locked": {
        "lastModified": 1751274312,
        "narHash": "sha256-/bVBlRpECLVzjV19t5KMdMFWSwKLtb5RyXdjz3LJT+g=",
        "owner": "NixOS",
        "repo": "nixpkgs",
        "rev": "50ab793786d9de88ee30ec4e4c24fb4236fc2674",
        "type": "github"
      },
      "original": {
        "owner": "NixOS",
        "ref": "nixos-24.11",
        "repo": "nixpkgs",
        "type": "github"
      }
    },
    "pavucontrol": {
      "inputs": {
        "nixpkgs": "nixpkgs_21"
      },
      "locked": {
        "lastModified": 1,
        "narHash": "sha256-QYbi542NJWdYPlV1wRbZeTXvUavs3ylUBlly5//6DNE=",
        "path": "./pavucontrol",
        "type": "path"
      },
      "original": {
        "path": "./pavucontrol",
        "type": "path"
      }
    },
    "qwerty": {
      "inputs": {
        "SubModules": "SubModules_2",
        "home-manager": "home-manager_2",
        "nixpkgs": "nixpkgs_35"
      },
      "locked": {
        "lastModified": 1,
        "narHash": "sha256-T1gRYiqWxPxvaiB3g2I8H7fsOZdvF3stYmMvmrnuKvE=",
        "path": "./qwerty",
        "type": "path"
      },
      "original": {
        "path": "./qwerty",
        "type": "path"
      }
    },
    "root": {
      "inputs": {
        "nixpkgs": "nixpkgs",
        "systems": "systems"
      }
    },
    "shells": {
      "inputs": {
        "nixpkgs": "nixpkgs_30",
        "zsh": "zsh"
      },
      "locked": {
        "lastModified": 1,
        "narHash": "sha256-0AT3agX6QwuIG5F7bT+75fzpDERAIafuB99sJOpX6wg=",
        "path": "./shells",
        "type": "path"
      },
      "original": {
        "path": "./shells",
        "type": "path"
      }
    },
    "sops": {
      "inputs": {
        "nixpkgs": "nixpkgs_27"
      },
      "locked": {
        "lastModified": 1,
        "narHash": "sha256-yEvy47/E7oVhCRyLuaNhaP63rFfHRAK4aWbwnawQoKI=",
        "path": "./sops",
        "type": "path"
      },
      "original": {
        "path": "./sops",
        "type": "path"
      }
    },
    "ssh": {
      "inputs": {
        "nixpkgs": "nixpkgs_28"
      },
      "locked": {
        "lastModified": 1,
        "narHash": "sha256-kPy02aZ+Uap5d2sCkvsRcxwJFvzaxg1WK1jjut4ou1U=",
        "path": "./ssh",
        "type": "path"
      },
      "original": {
        "path": "./ssh",
        "type": "path"
      }
    },
    "system": {
      "inputs": {
        "audio": "audio",
        "consoles": "consoles",
        "crypt": "crypt",
        "nixpkgs": "nixpkgs_29",
        "shells": "shells",
        "window_managers": "window_managers"
      },
      "locked": {
        "lastModified": 1,
        "narHash": "sha256-pIOjutjyXFTD21YyLoPq7ShHy6nSH6F3zoCckgVMjdQ=",
        "path": "./system",
        "type": "path"
      },
      "original": {
        "path": "./system",
        "type": "path"
      }
    },
    "systems": {
      "inputs": {
        "laptop": "laptop",
        "nixpkgs": "nixpkgs_36"
      },
      "locked": {
        "lastModified": 1,
        "narHash": "sha256-qEnwtTghAZWdUnFa5c/CGuUWpk8k4WWoC/2frmUaey8=",
        "path": "./systems",
        "type": "path"
      },
      "original": {
        "path": "./systems",
        "type": "path"
      }
    },
    "users": {
      "inputs": {
        "guest": "guest",
        "nixpkgs": "nixpkgs_7",
        "qwerty": "qwerty"
      },
      "locked": {
        "lastModified": 1,
        "narHash": "sha256-JLBiq5tqkzXyRYBVZEN0HxwX039OQGsT4AeqmbaMfVI=",
        "path": "./users",
        "type": "path"
      },
      "original": {
        "path": "./users",
        "type": "path"
      }
    },
    "vim": {
      "inputs": {
        "nixpkgs": "nixpkgs_16"
      },
      "locked": {
        "lastModified": 1,
        "narHash": "sha256-sueP7SqO/opxs8D301kezby7m3HDIDCwkg+qtnoheLQ=",
        "path": "./vim",
        "type": "path"
      },
      "original": {
        "path": "./vim",
        "type": "path"
      }
    },
    "window_managers": {
      "inputs": {
        "i3": "i3",
        "nixpkgs": "nixpkgs_33"
      },
      "locked": {
        "lastModified": 1,
        "narHash": "sha256-0iZC7q2LMxc59p12SAFL3J5QoTCpwKOTlwtWONDDr/U=",
        "path": "./window_managers",
        "type": "path"
      },
      "original": {
        "path": "./window_managers",
        "type": "path"
      }
    },
    "zsh": {
      "inputs": {
        "nixpkgs": "nixpkgs_31"
      },
      "locked": {
        "lastModified": 1,
        "narHash": "sha256-vKAoCxzbZ5qN47MYK31PZQdZHB+SWjpVg0jGy38g0QY=",
        "path": "./zsh",
        "type": "path"
      },
      "original": {
        "path": "./zsh",
        "type": "path"
      }
    }
  },
  "root": "root",
  "version": 7
}
